github.com/pedroquerido/sword-challenge v0.0.0-20200906184918-29864a0eef00 h1:07D9vg3utFB4HoJ8lp2TQog0kVoJD+5ogujLiW6MDVg=
github.com/pedroquerido/sword-challenge v0.0.0-20200906192552-7b0a4e6c1c3d h1:mMhTwG8h/ghjeb7qkL4/9r+7MA7JMBFXH9sNxmvlXOQ=
github.com/streadway/amqp v1.0.0 h1:kuuDrUJFZL1QYL9hUNuCxNObNzB0bV/ZG5jV3RWAQgo=
github.com/streadway/amqp v1.0.0/go.mod h1:AZpEONHx3DKn8O/DFsRAY58/XVQiIPMTMB1SddzLXVw=
